
Microsoft Visual Studio Solution File, Format Version 12.00
# Visual Studio 15
VisualStudioVersion = 15.0.27428.2043
MinimumVisualStudioVersion = 10.0.40219.1
Project("{FAE04EC0-301F-11D3-BF4B-00C04F79EFBC}") = "Lagersaldo", "Lagersaldo\Lagersaldo.csproj", "{94E1310A-C905-4B27-8854-CC539179F6EC}"
EndProject
Global
	GlobalSection(SolutionConfigurationPlatforms) = preSolution
		Debug|Any CPU = Debug|Any CPU
		Release|Any CPU = Release|Any CPU
	EndGlobalSection
	GlobalSection(ProjectConfigurationPlatforms) = postSolution
		{94E1310A-C905-4B27-8854-CC539179F6EC}.Debug|Any CPU.ActiveCfg = Debug|Any CPU
		{94E1310A-C905-4B27-8854-CC539179F6EC}.Debug|Any CPU.Build.0 = Debug|Any CPU
		{94E1310A-C905-4B27-8854-CC539179F6EC}.Release|Any CPU.ActiveCfg = Release|Any CPU
		{94E1310A-C905-4B27-8854-CC539179F6EC}.Release|Any CPU.Build.0 = Release|Any CPU
	EndGlobalSection
	GlobalSection(SolutionProperties) = preSolution
		HideSolutionNode = FALSE
	EndGlobalSection
	GlobalSection(ExtensibilityGlobals) = postSolution
		SolutionGuid = {66DDAFB1-18C0-4573-975D-0BD59F2D0C95}
	EndGlobalSection
EndGlobal
